{
  "name": "Oportuniza",
  "lockfileVersion": 3,
  "requires": true,
  "packages": {
    "": {
      "dependencies": {
        "brython": "^3.14.0"
      }
    },
    "node_modules/brython": {
      "version": "3.14.0",
      "resolved": "https://registry.npmjs.org/brython/-/brython-3.14.0.tgz",
      "integrity": "sha512-b31PgNGri/RYhn6KBUlLOnB+vdyyPGTr+90MTtNgtM46Vy2vHJOsIFYbV1U90ZlWFW8s2l4gH/Vy/pnoX2W8qg==",
      "license": "BSD-3-Clause"
    }
  }
}
